// !$*UTF8*$!
{
	archiveVersion = 1;
	classes = {
	};
	objectVersion = 55;
	objects = {

/* Begin PBXBuildFile section */
		A8206B1128BE4D3700404124 /* CarDetailsCell.swift in Sources */ = {isa = PBXBuildFile; fileRef = A8206B1028BE4D3700404124 /* CarDetailsCell.swift */; };
		A8206B1428BE55FA00404124 /* RatingView.swift in Sources */ = {isa = PBXBuildFile; fileRef = A8206B1328BE55FA00404124 /* RatingView.swift */; };
		A8206B1828BE58AD00404124 /* Extension.swift in Sources */ = {isa = PBXBuildFile; fileRef = A8206B1728BE58AD00404124 /* Extension.swift */; };
		A8206B1A28BE591300404124 /* GenericView.swift in Sources */ = {isa = PBXBuildFile; fileRef = A8206B1928BE591300404124 /* GenericView.swift */; };
		A8206B1C28BE5AC500404124 /* RatingView.xib in Resources */ = {isa = PBXBuildFile; fileRef = A8206B1B28BE5AC500404124 /* RatingView.xib */; };
		A8206B2028BE5B8900404124 /* DottedLabelView.swift in Sources */ = {isa = PBXBuildFile; fileRef = A8206B1F28BE5B8900404124 /* DottedLabelView.swift */; };
		A8206B2228BE5B9300404124 /* DottedLabelView.xib in Resources */ = {isa = PBXBuildFile; fileRef = A8206B2128BE5B9300404124 /* DottedLabelView.xib */; };
		A8206B2528BF65E700404124 /* DependencyInjection.swift in Sources */ = {isa = PBXBuildFile; fileRef = A8206B2428BF65E700404124 /* DependencyInjection.swift */; };
		A8206B2C28BF68B500404124 /* MainViewModel.swift in Sources */ = {isa = PBXBuildFile; fileRef = A8206B2B28BF68B500404124 /* MainViewModel.swift */; };
		A8206B2E28BF68BE00404124 /* MainModel.swift in Sources */ = {isa = PBXBuildFile; fileRef = A8206B2D28BF68BE00404124 /* MainModel.swift */; };
		A8D67B8428BE02AD00C40FF2 /* AppDelegate.swift in Sources */ = {isa = PBXBuildFile; fileRef = A8D67B8328BE02AD00C40FF2 /* AppDelegate.swift */; };
		A8D67B8628BE02AD00C40FF2 /* SceneDelegate.swift in Sources */ = {isa = PBXBuildFile; fileRef = A8D67B8528BE02AD00C40FF2 /* SceneDelegate.swift */; };
		A8D67B8828BE02AD00C40FF2 /* MainViewController.swift in Sources */ = {isa = PBXBuildFile; fileRef = A8D67B8728BE02AD00C40FF2 /* MainViewController.swift */; };
		A8D67B8B28BE02AD00C40FF2 /* Main.storyboard in Resources */ = {isa = PBXBuildFile; fileRef = A8D67B8928BE02AD00C40FF2 /* Main.storyboard */; };
		A8D67B8E28BE02AD00C40FF2 /* Guidomia.xcdatamodeld in Sources */ = {isa = PBXBuildFile; fileRef = A8D67B8C28BE02AD00C40FF2 /* Guidomia.xcdatamodeld */; };
		A8D67B9028BE02AF00C40FF2 /* Assets.xcassets in Resources */ = {isa = PBXBuildFile; fileRef = A8D67B8F28BE02AF00C40FF2 /* Assets.xcassets */; };
		A8D67B9328BE02AF00C40FF2 /* LaunchScreen.storyboard in Resources */ = {isa = PBXBuildFile; fileRef = A8D67B9128BE02AF00C40FF2 /* LaunchScreen.storyboard */; };
		A8D67B9E28BE02AF00C40FF2 /* GuidomiaTests.swift in Sources */ = {isa = PBXBuildFile; fileRef = A8D67B9D28BE02AF00C40FF2 /* GuidomiaTests.swift */; };
		A8D67BA828BE02AF00C40FF2 /* GuidomiaUITests.swift in Sources */ = {isa = PBXBuildFile; fileRef = A8D67BA728BE02AF00C40FF2 /* GuidomiaUITests.swift */; };
		A8D67BAA28BE02AF00C40FF2 /* GuidomiaUITestsLaunchTests.swift in Sources */ = {isa = PBXBuildFile; fileRef = A8D67BA928BE02AF00C40FF2 /* GuidomiaUITestsLaunchTests.swift */; };
		A8D67BB828BE055D00C40FF2 /* car_list.json in Resources */ = {isa = PBXBuildFile; fileRef = A8D67BB728BE055D00C40FF2 /* car_list.json */; };
		A8D67BBB28BE064000C40FF2 /* Colors.xcassets in Resources */ = {isa = PBXBuildFile; fileRef = A8D67BBA28BE064000C40FF2 /* Colors.xcassets */; };
		A8D67BBE28BE0AC100C40FF2 /* Constants.swift in Sources */ = {isa = PBXBuildFile; fileRef = A8D67BBD28BE0AC100C40FF2 /* Constants.swift */; };
		A8D67BC128BE204100C40FF2 /* BaseLabel.swift in Sources */ = {isa = PBXBuildFile; fileRef = A8D67BC028BE204100C40FF2 /* BaseLabel.swift */; };
		A8D67BC328BE209D00C40FF2 /* SystemFontBold.swift in Sources */ = {isa = PBXBuildFile; fileRef = A8D67BC228BE209D00C40FF2 /* SystemFontBold.swift */; };
/* End PBXBuildFile section */

/* Begin PBXContainerItemProxy section */
		A8D67B9A28BE02AF00C40FF2 /* PBXContainerItemProxy */ = {
			isa = PBXContainerItemProxy;
			containerPortal = A8D67B7828BE02AD00C40FF2 /* Project object */;
			proxyType = 1;
			remoteGlobalIDString = A8D67B7F28BE02AD00C40FF2;
			remoteInfo = Guidomia;
		};
		A8D67BA428BE02AF00C40FF2 /* PBXContainerItemProxy */ = {
			isa = PBXContainerItemProxy;
			containerPortal = A8D67B7828BE02AD00C40FF2 /* Project object */;
			proxyType = 1;
			remoteGlobalIDString = A8D67B7F28BE02AD00C40FF2;
			remoteInfo = Guidomia;
		};
/* End PBXContainerItemProxy section */

/* Begin PBXFileReference section */
		A8206B1028BE4D3700404124 /* CarDetailsCell.swift */ = {isa = PBXFileReference; lastKnownFileType = sourcecode.swift; path = CarDetailsCell.swift; sourceTree = "<group>"; };
		A8206B1328BE55FA00404124 /* RatingView.swift */ = {isa = PBXFileReference; lastKnownFileType = sourcecode.swift; path = RatingView.swift; sourceTree = "<group>"; };
		A8206B1728BE58AD00404124 /* Extension.swift */ = {isa = PBXFileReference; lastKnownFileType = sourcecode.swift; path = Extension.swift; sourceTree = "<group>"; };
		A8206B1928BE591300404124 /* GenericView.swift */ = {isa = PBXFileReference; lastKnownFileType = sourcecode.swift; path = GenericView.swift; sourceTree = "<group>"; };
		A8206B1B28BE5AC500404124 /* RatingView.xib */ = {isa = PBXFileReference; lastKnownFileType = file.xib; path = RatingView.xib; sourceTree = "<group>"; };
		A8206B1F28BE5B8900404124 /* DottedLabelView.swift */ = {isa = PBXFileReference; lastKnownFileType = sourcecode.swift; path = DottedLabelView.swift; sourceTree = "<group>"; };
		A8206B2128BE5B9300404124 /* DottedLabelView.xib */ = {isa = PBXFileReference; lastKnownFileType = file.xib; path = DottedLabelView.xib; sourceTree = "<group>"; };
		A8206B2428BF65E700404124 /* DependencyInjection.swift */ = {isa = PBXFileReference; lastKnownFileType = sourcecode.swift; path = DependencyInjection.swift; sourceTree = "<group>"; };
		A8206B2B28BF68B500404124 /* MainViewModel.swift */ = {isa = PBXFileReference; lastKnownFileType = sourcecode.swift; path = MainViewModel.swift; sourceTree = "<group>"; };
		A8206B2D28BF68BE00404124 /* MainModel.swift */ = {isa = PBXFileReference; lastKnownFileType = sourcecode.swift; path = MainModel.swift; sourceTree = "<group>"; };
		A8D67B8028BE02AD00C40FF2 /* Guidomia.app */ = {isa = PBXFileReference; explicitFileType = wrapper.application; includeInIndex = 0; path = Guidomia.app; sourceTree = BUILT_PRODUCTS_DIR; };
		A8D67B8328BE02AD00C40FF2 /* AppDelegate.swift */ = {isa = PBXFileReference; lastKnownFileType = sourcecode.swift; path = AppDelegate.swift; sourceTree = "<group>"; };
		A8D67B8528BE02AD00C40FF2 /* SceneDelegate.swift */ = {isa = PBXFileReference; lastKnownFileType = sourcecode.swift; path = SceneDelegate.swift; sourceTree = "<group>"; };
		A8D67B8728BE02AD00C40FF2 /* MainViewController.swift */ = {isa = PBXFileReference; lastKnownFileType = sourcecode.swift; path = MainViewController.swift; sourceTree = "<group>"; };
		A8D67B8A28BE02AD00C40FF2 /* Base */ = {isa = PBXFileReference; lastKnownFileType = file.storyboard; name = Base; path = Base.lproj/Main.storyboard; sourceTree = "<group>"; };
		A8D67B8D28BE02AD00C40FF2 /* Guidomia.xcdatamodel */ = {isa = PBXFileReference; lastKnownFileType = wrapper.xcdatamodel; path = Guidomia.xcdatamodel; sourceTree = "<group>"; };
		A8D67B8F28BE02AF00C40FF2 /* Assets.xcassets */ = {isa = PBXFileReference; lastKnownFileType = folder.assetcatalog; path = Assets.xcassets; sourceTree = "<group>"; };
		A8D67B9228BE02AF00C40FF2 /* Base */ = {isa = PBXFileReference; lastKnownFileType = file.storyboard; name = Base; path = Base.lproj/LaunchScreen.storyboard; sourceTree = "<group>"; };
		A8D67B9428BE02AF00C40FF2 /* Info.plist */ = {isa = PBXFileReference; lastKnownFileType = text.plist.xml; path = Info.plist; sourceTree = "<group>"; };
		A8D67B9928BE02AF00C40FF2 /* GuidomiaTests.xctest */ = {isa = PBXFileReference; explicitFileType = wrapper.cfbundle; includeInIndex = 0; path = GuidomiaTests.xctest; sourceTree = BUILT_PRODUCTS_DIR; };
		A8D67B9D28BE02AF00C40FF2 /* GuidomiaTests.swift */ = {isa = PBXFileReference; lastKnownFileType = sourcecode.swift; path = GuidomiaTests.swift; sourceTree = "<group>"; };
		A8D67BA328BE02AF00C40FF2 /* GuidomiaUITests.xctest */ = {isa = PBXFileReference; explicitFileType = wrapper.cfbundle; includeInIndex = 0; path = GuidomiaUITests.xctest; sourceTree = BUILT_PRODUCTS_DIR; };
		A8D67BA728BE02AF00C40FF2 /* GuidomiaUITests.swift */ = {isa = PBXFileReference; lastKnownFileType = sourcecode.swift; path = GuidomiaUITests.swift; sourceTree = "<group>"; };
		A8D67BA928BE02AF00C40FF2 /* GuidomiaUITestsLaunchTests.swift */ = {isa = PBXFileReference; lastKnownFileType = sourcecode.swift; path = GuidomiaUITestsLaunchTests.swift; sourceTree = "<group>"; };
		A8D67BB728BE055D00C40FF2 /* car_list.json */ = {isa = PBXFileReference; fileEncoding = 4; lastKnownFileType = text.json; path = car_list.json; sourceTree = "<group>"; };
		A8D67BBA28BE064000C40FF2 /* Colors.xcassets */ = {isa = PBXFileReference; lastKnownFileType = folder.assetcatalog; path = Colors.xcassets; sourceTree = "<group>"; };
		A8D67BBD28BE0AC100C40FF2 /* Constants.swift */ = {isa = PBXFileReference; lastKnownFileType = sourcecode.swift; path = Constants.swift; sourceTree = "<group>"; };
		A8D67BC028BE204100C40FF2 /* BaseLabel.swift */ = {isa = PBXFileReference; lastKnownFileType = sourcecode.swift; path = BaseLabel.swift; sourceTree = "<group>"; };
		A8D67BC228BE209D00C40FF2 /* SystemFontBold.swift */ = {isa = PBXFileReference; lastKnownFileType = sourcecode.swift; path = SystemFontBold.swift; sourceTree = "<group>"; };
/* End PBXFileReference section */

/* Begin PBXFrameworksBuildPhase section */
		A8D67B7D28BE02AD00C40FF2 /* Frameworks */ = {
			isa = PBXFrameworksBuildPhase;
			buildActionMask = 2147483647;
			files = (
			);
			runOnlyForDeploymentPostprocessing = 0;
		};
		A8D67B9628BE02AF00C40FF2 /* Frameworks */ = {
			isa = PBXFrameworksBuildPhase;
			buildActionMask = 2147483647;
			files = (
			);
			runOnlyForDeploymentPostprocessing = 0;
		};
		A8D67BA028BE02AF00C40FF2 /* Frameworks */ = {
			isa = PBXFrameworksBuildPhase;
			buildActionMask = 2147483647;
			files = (
			);
			runOnlyForDeploymentPostprocessing = 0;
		};
/* End PBXFrameworksBuildPhase section */

/* Begin PBXGroup section */
		A8206B1228BE55DA00404124 /* SubViews */ = {
			isa = PBXGroup;
			children = (
				A8206B2728BF681300404124 /* CarDetailsCell */,
				A8206B1E28BE5B6900404124 /* Dotted Label View */,
				A8206B1D28BE5B5C00404124 /* RatingView */,
			);
			path = SubViews;
			sourceTree = "<group>";
		};
		A8206B1D28BE5B5C00404124 /* RatingView */ = {
			isa = PBXGroup;
			children = (
				A8206B1328BE55FA00404124 /* RatingView.swift */,
				A8206B1B28BE5AC500404124 /* RatingView.xib */,
			);
			path = RatingView;
			sourceTree = "<group>";
		};
		A8206B1E28BE5B6900404124 /* Dotted Label View */ = {
			isa = PBXGroup;
			children = (
				A8206B1F28BE5B8900404124 /* DottedLabelView.swift */,
				A8206B2128BE5B9300404124 /* DottedLabelView.xib */,
			);
			path = "Dotted Label View";
			sourceTree = "<group>";
		};
		A8206B2328BF65A000404124 /* Application */ = {
			isa = PBXGroup;
			children = (
				A8206B2428BF65E700404124 /* DependencyInjection.swift */,
			);
			path = Application;
			sourceTree = "<group>";
		};
		A8206B2628BF67C300404124 /* Main Scene */ = {
			isa = PBXGroup;
			children = (
				A8206B2828BF687200404124 /* Model */,
				A8206B2928BF687800404124 /* ViewModel */,
				A8206B2A28BF688100404124 /* View */,
			);
			path = "Main Scene";
			sourceTree = "<group>";
		};
		A8206B2728BF681300404124 /* CarDetailsCell */ = {
			isa = PBXGroup;
			children = (
				A8206B1028BE4D3700404124 /* CarDetailsCell.swift */,
			);
			path = CarDetailsCell;
			sourceTree = "<group>";
		};
		A8206B2828BF687200404124 /* Model */ = {
			isa = PBXGroup;
			children = (
				A8206B2D28BF68BE00404124 /* MainModel.swift */,
			);
			path = Model;
			sourceTree = "<group>";
		};
		A8206B2928BF687800404124 /* ViewModel */ = {
			isa = PBXGroup;
			children = (
				A8206B2B28BF68B500404124 /* MainViewModel.swift */,
			);
			path = ViewModel;
			sourceTree = "<group>";
		};
		A8206B2A28BF688100404124 /* View */ = {
			isa = PBXGroup;
			children = (
				A8206B1228BE55DA00404124 /* SubViews */,
				A8D67B8728BE02AD00C40FF2 /* MainViewController.swift */,
				A8D67B8928BE02AD00C40FF2 /* Main.storyboard */,
			);
			name = View;
			sourceTree = "<group>";
		};
		A8D67B7728BE02AD00C40FF2 = {
			isa = PBXGroup;
			children = (
				A8D67B8228BE02AD00C40FF2 /* Guidomia */,
				A8D67B9C28BE02AF00C40FF2 /* GuidomiaTests */,
				A8D67BA628BE02AF00C40FF2 /* GuidomiaUITests */,
				A8D67B8128BE02AD00C40FF2 /* Products */,
			);
			sourceTree = "<group>";
		};
		A8D67B8128BE02AD00C40FF2 /* Products */ = {
			isa = PBXGroup;
			children = (
				A8D67B8028BE02AD00C40FF2 /* Guidomia.app */,
				A8D67B9928BE02AF00C40FF2 /* GuidomiaTests.xctest */,
				A8D67BA328BE02AF00C40FF2 /* GuidomiaUITests.xctest */,
			);
			name = Products;
			sourceTree = "<group>";
		};
		A8D67B8228BE02AD00C40FF2 /* Guidomia */ = {
			isa = PBXGroup;
			children = (
				A8206B2328BF65A000404124 /* Application */,
				A8D67BBC28BE0A9C00C40FF2 /* Utils */,
				A8D67BB928BE062900C40FF2 /* Assets */,
				A8D67BB628BE053900C40FF2 /* Files */,
				A8206B2628BF67C300404124 /* Main Scene */,
				A8D67B9128BE02AF00C40FF2 /* LaunchScreen.storyboard */,
				A8D67B8328BE02AD00C40FF2 /* AppDelegate.swift */,
				A8D67B8528BE02AD00C40FF2 /* SceneDelegate.swift */,
				A8D67B9428BE02AF00C40FF2 /* Info.plist */,
				A8D67B8C28BE02AD00C40FF2 /* Guidomia.xcdatamodeld */,
			);
			path = Guidomia;
			sourceTree = "<group>";
		};
		A8D67B9C28BE02AF00C40FF2 /* GuidomiaTests */ = {
			isa = PBXGroup;
			children = (
				A8D67B9D28BE02AF00C40FF2 /* GuidomiaTests.swift */,
			);
			path = GuidomiaTests;
			sourceTree = "<group>";
		};
		A8D67BA628BE02AF00C40FF2 /* GuidomiaUITests */ = {
			isa = PBXGroup;
			children = (
				A8D67BA728BE02AF00C40FF2 /* GuidomiaUITests.swift */,
				A8D67BA928BE02AF00C40FF2 /* GuidomiaUITestsLaunchTests.swift */,
			);
			path = GuidomiaUITests;
			sourceTree = "<group>";
		};
		A8D67BB628BE053900C40FF2 /* Files */ = {
			isa = PBXGroup;
			children = (
				A8D67BB728BE055D00C40FF2 /* car_list.json */,
			);
			path = Files;
			sourceTree = "<group>";
		};
		A8D67BB928BE062900C40FF2 /* Assets */ = {
			isa = PBXGroup;
			children = (
				A8D67B8F28BE02AF00C40FF2 /* Assets.xcassets */,
				A8D67BBA28BE064000C40FF2 /* Colors.xcassets */,
			);
			path = Assets;
			sourceTree = "<group>";
		};
		A8D67BBC28BE0A9C00C40FF2 /* Utils */ = {
			isa = PBXGroup;
			children = (
				A8D67BBD28BE0AC100C40FF2 /* Constants.swift */,
				A8D67BBF28BE0B9400C40FF2 /* Label */,
				A8206B1728BE58AD00404124 /* Extension.swift */,
				A8206B1928BE591300404124 /* GenericView.swift */,
			);
			path = Utils;
			sourceTree = "<group>";
		};
		A8D67BBF28BE0B9400C40FF2 /* Label */ = {
			isa = PBXGroup;
			children = (
				A8D67BC028BE204100C40FF2 /* BaseLabel.swift */,
				A8D67BC228BE209D00C40FF2 /* SystemFontBold.swift */,
			);
			path = Label;
			sourceTree = "<group>";
		};
/* End PBXGroup section */

/* Begin PBXNativeTarget section */
		A8D67B7F28BE02AD00C40FF2 /* Guidomia */ = {
			isa = PBXNativeTarget;
			buildConfigurationList = A8D67BAD28BE02AF00C40FF2 /* Build configuration list for PBXNativeTarget "Guidomia" */;
			buildPhases = (
				A8D67B7C28BE02AD00C40FF2 /* Sources */,
				A8D67B7D28BE02AD00C40FF2 /* Frameworks */,
				A8D67B7E28BE02AD00C40FF2 /* Resources */,
			);
			buildRules = (
			);
			dependencies = (
			);
			name = Guidomia;
			productName = Guidomia;
			productReference = A8D67B8028BE02AD00C40FF2 /* Guidomia.app */;
			productType = "com.apple.product-type.application";
		};
		A8D67B9828BE02AF00C40FF2 /* GuidomiaTests */ = {
			isa = PBXNativeTarget;
			buildConfigurationList = A8D67BB028BE02AF00C40FF2 /* Build configuration list for PBXNativeTarget "GuidomiaTests" */;
			buildPhases = (
				A8D67B9528BE02AF00C40FF2 /* Sources */,
				A8D67B9628BE02AF00C40FF2 /* Frameworks */,
				A8D67B9728BE02AF00C40FF2 /* Resources */,
			);
			buildRules = (
			);
			dependencies = (
				A8D67B9B28BE02AF00C40FF2 /* PBXTargetDependency */,
			);
			name = GuidomiaTests;
			productName = GuidomiaTests;
			productReference = A8D67B9928BE02AF00C40FF2 /* GuidomiaTests.xctest */;
			productType = "com.apple.product-type.bundle.unit-test";
		};
		A8D67BA228BE02AF00C40FF2 /* GuidomiaUITests */ = {
			isa = PBXNativeTarget;
			buildConfigurationList = A8D67BB328BE02AF00C40FF2 /* Build configuration list for PBXNativeTarget "GuidomiaUITests" */;
			buildPhases = (
				A8D67B9F28BE02AF00C40FF2 /* Sources */,
				A8D67BA028BE02AF00C40FF2 /* Frameworks */,
				A8D67BA128BE02AF00C40FF2 /* Resources */,
			);
			buildRules = (
			);
			dependencies = (
				A8D67BA528BE02AF00C40FF2 /* PBXTargetDependency */,
			);
			name = GuidomiaUITests;
			productName = GuidomiaUITests;
			productReference = A8D67BA328BE02AF00C40FF2 /* GuidomiaUITests.xctest */;
			productType = "com.apple.product-type.bundle.ui-testing";
		};
/* End PBXNativeTarget section */

/* Begin PBXProject section */
		A8D67B7828BE02AD00C40FF2 /* Project object */ = {
			isa = PBXProject;
			attributes = {
				BuildIndependentTargetsInParallel = 1;
				LastSwiftUpdateCheck = 1330;
				LastUpgradeCheck = 1330;
				TargetAttributes = {
					A8D67B7F28BE02AD00C40FF2 = {
						CreatedOnToolsVersion = 13.3;
					};
					A8D67B9828BE02AF00C40FF2 = {
						CreatedOnToolsVersion = 13.3;
						TestTargetID = A8D67B7F28BE02AD00C40FF2;
					};
					A8D67BA228BE02AF00C40FF2 = {
						CreatedOnToolsVersion = 13.3;
						TestTargetID = A8D67B7F28BE02AD00C40FF2;
					};
				};
			};
			buildConfigurationList = A8D67B7B28BE02AD00C40FF2 /* Build configuration list for PBXProject "Guidomia" */;
			compatibilityVersion = "Xcode 13.0";
			developmentRegion = en;
			hasScannedForEncodings = 0;
			knownRegions = (
				en,
				Base,
			);
			mainGroup = A8D67B7728BE02AD00C40FF2;
			productRefGroup = A8D67B8128BE02AD00C40FF2 /* Products */;
			projectDirPath = "";
			projectRoot = "";
			targets = (
				A8D67B7F28BE02AD00C40FF2 /* Guidomia */,
				A8D67B9828BE02AF00C40FF2 /* GuidomiaTests */,
				A8D67BA228BE02AF00C40FF2 /* GuidomiaUITests */,
			);
		};
/* End PBXProject section */

/* Begin PBXResourcesBuildPhase section */
		A8D67B7E28BE02AD00C40FF2 /* Resources */ = {
			isa = PBXResourcesBuildPhase;
			buildActionMask = 2147483647;
			files = (
				A8D67BBB28BE064000C40FF2 /* Colors.xcassets in Resources */,
				A8D67B9328BE02AF00C40FF2 /* LaunchScreen.storyboard in Resources */,
				A8D67B9028BE02AF00C40FF2 /* Assets.xcassets in Resources */,
				A8D67BB828BE055D00C40FF2 /* car_list.json in Resources */,
				A8D67B8B28BE02AD00C40FF2 /* Main.storyboard in Resources */,
				A8206B1C28BE5AC500404124 /* RatingView.xib in Resources */,
				A8206B2228BE5B9300404124 /* DottedLabelView.xib in Resources */,
			);
			runOnlyForDeploymentPostprocessing = 0;
		};
		A8D67B9728BE02AF00C40FF2 /* Resources */ = {
			isa = PBXResourcesBuildPhase;
			buildActionMask = 2147483647;
			files = (
			);
			runOnlyForDeploymentPostprocessing = 0;
		};
		A8D67BA128BE02AF00C40FF2 /* Resources */ = {
			isa = PBXResourcesBuildPhase;
			buildActionMask = 2147483647;
			files = (
			);
			runOnlyForDeploymentPostprocessing = 0;
		};
/* End PBXResourcesBuildPhase section */

/* Begin PBXSourcesBuildPhase section */
		A8D67B7C28BE02AD00C40FF2 /* Sources */ = {
			isa = PBXSourcesBuildPhase;
			buildActionMask = 2147483647;
			files = (
				A8D67BBE28BE0AC100C40FF2 /* Constants.swift in Sources */,
				A8D67BC328BE209D00C40FF2 /* SystemFontBold.swift in Sources */,
				A8206B2528BF65E700404124 /* DependencyInjection.swift in Sources */,
				A8D67BC128BE204100C40FF2 /* BaseLabel.swift in Sources */,
				A8206B2028BE5B8900404124 /* DottedLabelView.swift in Sources */,
				A8206B1428BE55FA00404124 /* RatingView.swift in Sources */,
				A8206B1128BE4D3700404124 /* CarDetailsCell.swift in Sources */,
				A8206B2C28BF68B500404124 /* MainViewModel.swift in Sources */,
				A8206B2E28BF68BE00404124 /* MainModel.swift in Sources */,
				A8206B1828BE58AD00404124 /* Extension.swift in Sources */,
				A8206B1A28BE591300404124 /* GenericView.swift in Sources */,
				A8D67B8E28BE02AD00C40FF2 /* Guidomia.xcdatamodeld in Sources */,
				A8D67B8828BE02AD00C40FF2 /* MainViewController.swift in Sources */,
				A8D67B8428BE02AD00C40FF2 /* AppDelegate.swift in Sources */,
				A8D67B8628BE02AD00C40FF2 /* SceneDelegate.swift in Sources */,
			);
			runOnlyForDeploymentPostprocessing = 0;
		};
		A8D67B9528BE02AF00C40FF2 /* Sources */ = {
			isa = PBXSourcesBuildPhase;
			buildActionMask = 2147483647;
			files = (
				A8D67B9E28BE02AF00C40FF2 /* GuidomiaTests.swift in Sources */,
			);
			runOnlyForDeploymentPostprocessing = 0;
		};
		A8D67B9F28BE02AF00C40FF2 /* Sources */ = {
			isa = PBXSourcesBuildPhase;
			buildActionMask = 2147483647;
			files = (
				A8D67BAA28BE02AF00C40FF2 /* GuidomiaUITestsLaunchTests.swift in Sources */,
				A8D67BA828BE02AF00C40FF2 /* GuidomiaUITests.swift in Sources */,
			);
			runOnlyForDeploymentPostprocessing = 0;
		};
/* End PBXSourcesBuildPhase section */

/* Begin PBXTargetDependency section */
		A8D67B9B28BE02AF00C40FF2 /* PBXTargetDependency */ = {
			isa = PBXTargetDependency;
			target = A8D67B7F28BE02AD00C40FF2 /* Guidomia */;
			targetProxy = A8D67B9A28BE02AF00C40FF2 /* PBXContainerItemProxy */;
		};
		A8D67BA528BE02AF00C40FF2 /* PBXTargetDependency */ = {
			isa = PBXTargetDependency;
			target = A8D67B7F28BE02AD00C40FF2 /* Guidomia */;
			targetProxy = A8D67BA428BE02AF00C40FF2 /* PBXContainerItemProxy */;
		};
/* End PBXTargetDependency section */

/* Begin PBXVariantGroup section */
		A8D67B8928BE02AD00C40FF2 /* Main.storyboard */ = {
			isa = PBXVariantGroup;
			children = (
				A8D67B8A28BE02AD00C40FF2 /* Base */,
			);
			name = Main.storyboard;
			sourceTree = "<group>";
		};
		A8D67B9128BE02AF00C40FF2 /* LaunchScreen.storyboard */ = {
			isa = PBXVariantGroup;
			children = (
				A8D67B9228BE02AF00C40FF2 /* Base */,
			);
			name = LaunchScreen.storyboard;
			sourceTree = "<group>";
		};
/* End PBXVariantGroup section */

/* Begin XCBuildConfiguration section */
		A8D67BAB28BE02AF00C40FF2 /* Debug */ = {
			isa = XCBuildConfiguration;
			buildSettings = {
				ALWAYS_SEARCH_USER_PATHS = NO;
				CLANG_ANALYZER_NONNULL = YES;
				CLANG_ANALYZER_NUMBER_OBJECT_CONVERSION = YES_AGGRESSIVE;
				CLANG_CXX_LANGUAGE_STANDARD = "gnu++17";
				CLANG_ENABLE_MODULES = YES;
				CLANG_ENABLE_OBJC_ARC = YES;
				CLANG_ENABLE_OBJC_WEAK = YES;
				CLANG_WARN_BLOCK_CAPTURE_AUTORELEASING = YES;
				CLANG_WARN_BOOL_CONVERSION = YES;
				CLANG_WARN_COMMA = YES;
				CLANG_WARN_CONSTANT_CONVERSION = YES;
				CLANG_WARN_DEPRECATED_OBJC_IMPLEMENTATIONS = YES;
				CLANG_WARN_DIRECT_OBJC_ISA_USAGE = YES_ERROR;
				CLANG_WARN_DOCUMENTATION_COMMENTS = YES;
				CLANG_WARN_EMPTY_BODY = YES;
				CLANG_WARN_ENUM_CONVERSION = YES;
				CLANG_WARN_INFINITE_RECURSION = YES;
				CLANG_WARN_INT_CONVERSION = YES;
				CLANG_WARN_NON_LITERAL_NULL_CONVERSION = YES;
				CLANG_WARN_OBJC_IMPLICIT_RETAIN_SELF = YES;
				CLANG_WARN_OBJC_LITERAL_CONVERSION = YES;
				CLANG_WARN_OBJC_ROOT_CLASS = YES_ERROR;
				CLANG_WARN_QUOTED_INCLUDE_IN_FRAMEWORK_HEADER = YES;
				CLANG_WARN_RANGE_LOOP_ANALYSIS = YES;
				CLANG_WARN_STRICT_PROTOTYPES = YES;
				CLANG_WARN_SUSPICIOUS_MOVE = YES;
				CLANG_WARN_UNGUARDED_AVAILABILITY = YES_AGGRESSIVE;
				CLANG_WARN_UNREACHABLE_CODE = YES;
				CLANG_WARN__DUPLICATE_METHOD_MATCH = YES;
				COPY_PHASE_STRIP = NO;
				DEBUG_INFORMATION_FORMAT = dwarf;
				ENABLE_STRICT_OBJC_MSGSEND = YES;
				ENABLE_TESTABILITY = YES;
				GCC_C_LANGUAGE_STANDARD = gnu11;
				GCC_DYNAMIC_NO_PIC = NO;
				GCC_NO_COMMON_BLOCKS = YES;
				GCC_OPTIMIZATION_LEVEL = 0;
				GCC_PREPROCESSOR_DEFINITIONS = (
					"DEBUG=1",
					"$(inherited)",
				);
				GCC_WARN_64_TO_32_BIT_CONVERSION = YES;
				GCC_WARN_ABOUT_RETURN_TYPE = YES_ERROR;
				GCC_WARN_UNDECLARED_SELECTOR = YES;
				GCC_WARN_UNINITIALIZED_AUTOS = YES_AGGRESSIVE;
				GCC_WARN_UNUSED_FUNCTION = YES;
				GCC_WARN_UNUSED_VARIABLE = YES;
				IPHONEOS_DEPLOYMENT_TARGET = 15.4;
				MTL_ENABLE_DEBUG_INFO = INCLUDE_SOURCE;
				MTL_FAST_MATH = YES;
				ONLY_ACTIVE_ARCH = YES;
				SDKROOT = iphoneos;
				SWIFT_ACTIVE_COMPILATION_CONDITIONS = DEBUG;
				SWIFT_OPTIMIZATION_LEVEL = "-Onone";
			};
			name = Debug;
		};
		A8D67BAC28BE02AF00C40FF2 /* Release */ = {
			isa = XCBuildConfiguration;
			buildSettings = {
				ALWAYS_SEARCH_USER_PATHS = NO;
				CLANG_ANALYZER_NONNULL = YES;
				CLANG_ANALYZER_NUMBER_OBJECT_CONVERSION = YES_AGGRESSIVE;
				CLANG_CXX_LANGUAGE_STANDARD = "gnu++17";
				CLANG_ENABLE_MODULES = YES;
				CLANG_ENABLE_OBJC_ARC = YES;
				CLANG_ENABLE_OBJC_WEAK = YES;
				CLANG_WARN_BLOCK_CAPTURE_AUTORELEASING = YES;
				CLANG_WARN_BOOL_CONVERSION = YES;
				CLANG_WARN_COMMA = YES;
				CLANG_WARN_CONSTANT_CONVERSION = YES;
				CLANG_WARN_DEPRECATED_OBJC_IMPLEMENTATIONS = YES;
				CLANG_WARN_DIRECT_OBJC_ISA_USAGE = YES_ERROR;
				CLANG_WARN_DOCUMENTATION_COMMENTS = YES;
				CLANG_WARN_EMPTY_BODY = YES;
				CLANG_WARN_ENUM_CONVERSION = YES;
				CLANG_WARN_INFINITE_RECURSION = YES;
				CLANG_WARN_INT_CONVERSION = YES;
				CLANG_WARN_NON_LITERAL_NULL_CONVERSION = YES;
				CLANG_WARN_OBJC_IMPLICIT_RETAIN_SELF = YES;
				CLANG_WARN_OBJC_LITERAL_CONVERSION = YES;
				CLANG_WARN_OBJC_ROOT_CLASS = YES_ERROR;
				CLANG_WARN_QUOTED_INCLUDE_IN_FRAMEWORK_HEADER = YES;
				CLANG_WARN_RANGE_LOOP_ANALYSIS = YES;
				CLANG_WARN_STRICT_PROTOTYPES = YES;
				CLANG_WARN_SUSPICIOUS_MOVE = YES;
				CLANG_WARN_UNGUARDED_AVAILABILITY = YES_AGGRESSIVE;
				CLANG_WARN_UNREACHABLE_CODE = YES;
				CLANG_WARN__DUPLICATE_METHOD_MATCH = YES;
				COPY_PHASE_STRIP = NO;
				DEBUG_INFORMATION_FORMAT = "dwarf-with-dsym";
				ENABLE_NS_ASSERTIONS = NO;
				ENABLE_STRICT_OBJC_MSGSEND = YES;
				GCC_C_LANGUAGE_STANDARD = gnu11;
				GCC_NO_COMMON_BLOCKS = YES;
				GCC_WARN_64_TO_32_BIT_CONVERSION = YES;
				GCC_WARN_ABOUT_RETURN_TYPE = YES_ERROR;
				GCC_WARN_UNDECLARED_SELECTOR = YES;
				GCC_WARN_UNINITIALIZED_AUTOS = YES_AGGRESSIVE;
				GCC_WARN_UNUSED_FUNCTION = YES;
				GCC_WARN_UNUSED_VARIABLE = YES;
				IPHONEOS_DEPLOYMENT_TARGET = 15.4;
				MTL_ENABLE_DEBUG_INFO = NO;
				MTL_FAST_MATH = YES;
				SDKROOT = iphoneos;
				SWIFT_COMPILATION_MODE = wholemodule;
				SWIFT_OPTIMIZATION_LEVEL = "-O";
				VALIDATE_PRODUCT = YES;
			};
			name = Release;
		};
		A8D67BAE28BE02AF00C40FF2 /* Debug */ = {
			isa = XCBuildConfiguration;
			buildSettings = {
				ASSETCATALOG_COMPILER_APPICON_NAME = AppIcon;
				ASSETCATALOG_COMPILER_GLOBAL_ACCENT_COLOR_NAME = AccentColor;
				CODE_SIGN_STYLE = Automatic;
				CURRENT_PROJECT_VERSION = 1;
				GENERATE_INFOPLIST_FILE = YES;
				INFOPLIST_FILE = Guidomia/Info.plist;
				INFOPLIST_KEY_UIApplicationSupportsIndirectInputEvents = YES;
				INFOPLIST_KEY_UILaunchStoryboardName = LaunchScreen;
				INFOPLIST_KEY_UIMainStoryboardFile = Main;
				INFOPLIST_KEY_UISupportedInterfaceOrientations = UIInterfaceOrientationPortrait;
				INFOPLIST_KEY_UISupportedInterfaceOrientations_iPad = "UIInterfaceOrientationPortrait UIInterfaceOrientationPortraitUpsideDown UIInterfaceOrientationLandscapeLeft UIInterfaceOrientationLandscapeRight";
				INFOPLIST_KEY_UISupportedInterfaceOrientations_iPhone = "UIInterfaceOrientationPortrait UIInterfaceOrientationLandscapeLeft UIInterfaceOrientationLandscapeRight";
				LD_RUNPATH_SEARCH_PATHS = (
					"$(inherited)",
					"@executable_path/Frameworks",
				);
				MARKETING_VERSION = 1.0;
				PRODUCT_BUNDLE_IDENTIFIER = com.cnexia.Guidomia;
				PRODUCT_NAME = "$(TARGET_NAME)";
				SWIFT_EMIT_LOC_STRINGS = YES;
				SWIFT_VERSION = 5.0;
				TARGETED_DEVICE_FAMILY = 1;
			};
			name = Debug;
		};
		A8D67BAF28BE02AF00C40FF2 /* Release */ = {
			isa = XCBuildConfiguration;
			buildSettings = {
				ASSETCATALOG_COMPILER_APPICON_NAME = AppIcon;
				ASSETCATALOG_COMPILER_GLOBAL_ACCENT_COLOR_NAME = AccentColor;
				CODE_SIGN_STYLE = Automatic;
				CURRENT_PROJECT_VERSION = 1;
				GENERATE_INFOPLIST_FILE = YES;
				INFOPLIST_FILE = Guidomia/Info.plist;
				INFOPLIST_KEY_UIApplicationSupportsIndirectInputEvents = YES;
				INFOPLIST_KEY_UILaunchStoryboardName = LaunchScreen;
				INFOPLIST_KEY_UIMainStoryboardFile = Main;
				INFOPLIST_KEY_UISupportedInterfaceOrientations = UIInterfaceOrientationPortrait;
				INFOPLIST_KEY_UISupportedInterfaceOrientations_iPad = "UIInterfaceOrientationPortrait UIInterfaceOrientationPortraitUpsideDown UIInterfaceOrientationLandscapeLeft UIInterfaceOrientationLandscapeRight";
				INFOPLIST_KEY_UISupportedInterfaceOrientations_iPhone = "UIInterfaceOrientationPortrait UIInterfaceOrientationLandscapeLeft UIInterfaceOrientationLandscapeRight";
				LD_RUNPATH_SEARCH_PATHS = (
					"$(inherited)",
					"@executable_path/Frameworks",
				);
				MARKETING_VERSION = 1.0;
				PRODUCT_BUNDLE_IDENTIFIER = com.cnexia.Guidomia;
				PRODUCT_NAME = "$(TARGET_NAME)";
				SWIFT_EMIT_LOC_STRINGS = YES;
				SWIFT_VERSION = 5.0;
				TARGETED_DEVICE_FAMILY = 1;
			};
			name = Release;
		};
		A8D67BB128BE02AF00C40FF2 /* Debug */ = {
			isa = XCBuildConfiguration;
			buildSettings = {
				ALWAYS_EMBED_SWIFT_STANDARD_LIBRARIES = YES;
				BUNDLE_LOADER = "$(TEST_HOST)";
				CODE_SIGN_STYLE = Automatic;
				CURRENT_PROJECT_VERSION = 1;
				GENERATE_INFOPLIST_FILE = YES;
				IPHONEOS_DEPLOYMENT_TARGET = 15.4;
				MARKETING_VERSION = 1.0;
				PRODUCT_BUNDLE_IDENTIFIER = com.cnexia.GuidomiaTests;
				PRODUCT_NAME = "$(TARGET_NAME)";
				SWIFT_EMIT_LOC_STRINGS = NO;
				SWIFT_VERSION = 5.0;
				TARGETED_DEVICE_FAMILY = "1,2";
				TEST_HOST = "$(BUILT_PRODUCTS_DIR)/Guidomia.app/Guidomia";
			};
			name = Debug;
		};
		A8D67BB228BE02AF00C40FF2 /* Release */ = {
			isa = XCBuildConfiguration;
			buildSettings = {
				ALWAYS_EMBED_SWIFT_STANDARD_LIBRARIES = YES;
				BUNDLE_LOADER = "$(TEST_HOST)";
				CODE_SIGN_STYLE = Automatic;
				CURRENT_PROJECT_VERSION = 1;
				GENERATE_INFOPLIST_FILE = YES;
				IPHONEOS_DEPLOYMENT_TARGET = 15.4;
				MARKETING_VERSION = 1.0;
				PRODUCT_BUNDLE_IDENTIFIER = com.cnexia.GuidomiaTests;
				PRODUCT_NAME = "$(TARGET_NAME)";
				SWIFT_EMIT_LOC_STRINGS = NO;
				SWIFT_VERSION = 5.0;
				TARGETED_DEVICE_FAMILY = "1,2";
				TEST_HOST = "$(BUILT_PRODUCTS_DIR)/Guidomia.app/Guidomia";
			};
			name = Release;
		};
		A8D67BB428BE02AF00C40FF2 /* Debug */ = {
			isa = XCBuildConfiguration;
			buildSettings = {
				ALWAYS_EMBED_SWIFT_STANDARD_LIBRARIES = YES;
				CODE_SIGN_STYLE = Automatic;
				CURRENT_PROJECT_VERSION = 1;
				GENERATE_INFOPLIST_FILE = YES;
				MARKETING_VERSION = 1.0;
				PRODUCT_BUNDLE_IDENTIFIER = com.cnexia.GuidomiaUITests;
				PRODUCT_NAME = "$(TARGET_NAME)";
				SWIFT_EMIT_LOC_STRINGS = NO;
				SWIFT_VERSION = 5.0;
				TARGETED_DEVICE_FAMILY = "1,2";
				TEST_TARGET_NAME = Guidomia;
			};
			name = Debug;
		};
		A8D67BB528BE02AF00C40FF2 /* Release */ = {
			isa = XCBuildConfiguration;
			buildSettings = {
				ALWAYS_EMBED_SWIFT_STANDARD_LIBRARIES = YES;
				CODE_SIGN_STYLE = Automatic;
				CURRENT_PROJECT_VERSION = 1;
				GENERATE_INFOPLIST_FILE = YES;
				MARKETING_VERSION = 1.0;
				PRODUCT_BUNDLE_IDENTIFIER = com.cnexia.GuidomiaUITests;
				PRODUCT_NAME = "$(TARGET_NAME)";
				SWIFT_EMIT_LOC_STRINGS = NO;
				SWIFT_VERSION = 5.0;
				TARGETED_DEVICE_FAMILY = "1,2";
				TEST_TARGET_NAME = Guidomia;
			};
			name = Release;
		};
/* End XCBuildConfiguration section */

/* Begin XCConfigurationList section */
		A8D67B7B28BE02AD00C40FF2 /* Build configuration list for PBXProject "Guidomia" */ = {
			isa = XCConfigurationList;
			buildConfigurations = (
				A8D67BAB28BE02AF00C40FF2 /* Debug */,
				A8D67BAC28BE02AF00C40FF2 /* Release */,
			);
			defaultConfigurationIsVisible = 0;
			defaultConfigurationName = Release;
		};
		A8D67BAD28BE02AF00C40FF2 /* Build configuration list for PBXNativeTarget "Guidomia" */ = {
			isa = XCConfigurationList;
			buildConfigurations = (
				A8D67BAE28BE02AF00C40FF2 /* Debug */,
				A8D67BAF28BE02AF00C40FF2 /* Release */,
			);
			defaultConfigurationIsVisible = 0;
			defaultConfigurationName = Release;
		};
		A8D67BB028BE02AF00C40FF2 /* Build configuration list for PBXNativeTarget "GuidomiaTests" */ = {
			isa = XCConfigurationList;
			buildConfigurations = (
				A8D67BB128BE02AF00C40FF2 /* Debug */,
				A8D67BB228BE02AF00C40FF2 /* Release */,
			);
			defaultConfigurationIsVisible = 0;
			defaultConfigurationName = Release;
		};
		A8D67BB328BE02AF00C40FF2 /* Build configuration list for PBXNativeTarget "GuidomiaUITests" */ = {
			isa = XCConfigurationList;
			buildConfigurations = (
				A8D67BB428BE02AF00C40FF2 /* Debug */,
				A8D67BB528BE02AF00C40FF2 /* Release */,
			);
			defaultConfigurationIsVisible = 0;
			defaultConfigurationName = Release;
		};
/* End XCConfigurationList section */

/* Begin XCVersionGroup section */
		A8D67B8C28BE02AD00C40FF2 /* Guidomia.xcdatamodeld */ = {
			isa = XCVersionGroup;
			children = (
				A8D67B8D28BE02AD00C40FF2 /* Guidomia.xcdatamodel */,
			);
			currentVersion = A8D67B8D28BE02AD00C40FF2 /* Guidomia.xcdatamodel */;
			path = Guidomia.xcdatamodeld;
			sourceTree = "<group>";
			versionGroupType = wrapper.xcdatamodel;
		};
/* End XCVersionGroup section */
	};
	rootObject = A8D67B7828BE02AD00C40FF2 /* Project object */;
}
